
Microsoft Visual Studio Solution File, Format Version 12.00
# Visual Studio Version 17
VisualStudioVersion = 17.11.35327.3
MinimumVisualStudioVersion = 10.0.40219.1
Project("{FAE04EC0-301F-11D3-BF4B-00C04F79EFBC}") = "Week6 ChallengeLab", "Week6 ChallengeLab.csproj", "{B709A75F-E609-44C1-B7B0-A3B60D96DFEA}"
EndProject
Global
	GlobalSection(SolutionConfigurationPlatforms) = preSolution
		Debug|Any CPU = Debug|Any CPU
		Release|Any CPU = Release|Any CPU
	EndGlobalSection
	GlobalSection(ProjectConfigurationPlatforms) = postSolution
		{B709A75F-E609-44C1-B7B0-A3B60D96DFEA}.Debug|Any CPU.ActiveCfg = Debug|Any CPU
		{B709A75F-E609-44C1-B7B0-A3B60D96DFEA}.Debug|Any CPU.Build.0 = Debug|Any CPU
		{B709A75F-E609-44C1-B7B0-A3B60D96DFEA}.Release|Any CPU.ActiveCfg = Release|Any CPU
		{B709A75F-E609-44C1-B7B0-A3B60D96DFEA}.Release|Any CPU.Build.0 = Release|Any CPU
	EndGlobalSection
	GlobalSection(SolutionProperties) = preSolution
		HideSolutionNode = FALSE
	EndGlobalSection
	GlobalSection(ExtensibilityGlobals) = postSolution
		SolutionGuid = {805EF6F0-9AFD-440D-B750-5A9AB2B219CD}
	EndGlobalSection
EndGlobal
